{
  "nodes": {
    "agenix": {
      "inputs": {
        "darwin": "darwin",
        "home-manager": [
          "home-manager"
        ],
        "nixpkgs": [
          "nixpkgs"
        ],
        "systems": "systems"
      },
      "locked": {
        "lastModified": 1770165109,
        "narHash": "sha256-9VnK6Oqai65puVJ4WYtCTvlJeXxMzAp/69HhQuTdl/I=",
        "owner": "ryantm",
        "repo": "agenix",
        "rev": "b027ee29d959fda4b60b57566d64c98a202e0feb",
        "type": "github"
      },
      "original": {
        "owner": "ryantm",
        "repo": "agenix",
        "type": "github"
      }
    },
    "agenix-rekey": {
      "inputs": {
        "devshell": "devshell",
        "flake-parts": [
          "flake-parts"
        ],
        "nixpkgs": [
          "nixpkgs"
        ],
        "pre-commit-hooks": "pre-commit-hooks",
        "treefmt-nix": [
          "treefmt-nix"
        ]
      },
      "locked": {
        "lastModified": 1774522439,
        "narHash": "sha256-GvINrdGznE7mGlDNjW0/PMgOJlC+Nl9MkfxALB4QvWs=",
        "owner": "oddlama",
        "repo": "agenix-rekey",
        "rev": "8b9c179bc1300ab130c90f2d25426bf0e7a2b58d",
        "type": "github"
      },
      "original": {
        "owner": "oddlama",
        "repo": "agenix-rekey",
        "type": "github"
      }
    },
    "dank-material-shell": {
      "inputs": {
        "flake-compat": "flake-compat_2",
        "nixpkgs": [
          "nixpkgs"
        ],
        "quickshell": "quickshell"
      },
      "locked": {
        "lastModified": 1777582766,
        "narHash": "sha256-Vpsmq3KcUGYsKF3yjbIUfPahvgiWDZyn1wIPztctFSE=",
        "owner": "AvengeMedia",
        "repo": "DankMaterialShell",
        "rev": "c81645bacbdc790051a3ea1202eafe911eb36dae",
        "type": "github"
      },
      "original": {
        "owner": "AvengeMedia",
        "repo": "DankMaterialShell",
        "type": "github"
      }
    },
    "darwin": {
      "inputs": {
        "nixpkgs": [
          "agenix",
          "nixpkgs"
        ]
      },
      "locked": {
        "lastModified": 1744478979,
        "narHash": "sha256-dyN+teG9G82G+m+PX/aSAagkC+vUv0SgUw3XkPhQodQ=",
        "owner": "lnl7",
        "repo": "nix-darwin",
        "rev": "43975d782b418ebf4969e9ccba82466728c2851b",
        "type": "github"
      },
      "original": {
        "owner": "lnl7",
        "ref": "master",
        "repo": "nix-darwin",
        "type": "github"
      }
    },
    "devshell": {
      "inputs": {
        "nixpkgs": [
          "agenix-rekey",
          "nixpkgs"
        ]
      },
      "locked": {
        "lastModified": 1728330715,
        "narHash": "sha256-xRJ2nPOXb//u1jaBnDP56M7v5ldavjbtR6lfGqSvcKg=",
        "owner": "numtide",
        "repo": "devshell",
        "rev": "dd6b80932022cea34a019e2bb32f6fa9e494dfef",
        "type": "github"
      },
      "original": {
        "owner": "numtide",
        "repo": "devshell",
        "type": "github"
      }
    },
    "dgop": {
      "inputs": {
        "nixpkgs": [
          "nixpkgs"
        ]
      },
      "locked": {
        "lastModified": 1776181116,
        "narHash": "sha256-aUNKF+jzGY+jRlR7Bp82v/zNHdI9bFELLuYYWbaM6fo=",
        "owner": "AvengeMedia",
        "repo": "dgop",
        "rev": "e2078a7c5620be2e4897e7dabc08ade6dac9a454",
        "type": "github"
      },
      "original": {
        "owner": "AvengeMedia",
        "repo": "dgop",
        "type": "github"
      }
    },
    "disko": {
      "inputs": {
        "nixpkgs": [
          "nixpkgs"
        ]
      },
      "locked": {
        "lastModified": 1776613567,
        "narHash": "sha256-gC9Cp5ibBmGD5awCA9z7xy6MW6iJufhazTYJOiGlCUI=",
        "owner": "nix-community",
        "repo": "disko",
        "rev": "32f4236bfc141ae930b5ba2fb604f561fed5219d",
        "type": "github"
      },
      "original": {
        "owner": "nix-community",
        "repo": "disko",
        "type": "github"
      }
    },
    "dms-plugin-registry": {
      "inputs": {
        "nixpkgs": [
          "nixpkgs"
        ]
      },
      "locked": {
        "lastModified": 1777514690,
        "narHash": "sha256-2pyXDX87U7iSql/1pTx4K8R8wdr3NoGQ6JHMC7VNhao=",
        "owner": "AvengeMedia",
        "repo": "dms-plugin-registry",
        "rev": "05b2c0df4f264c47762eab59cf6e0a8c5cea76c3",
        "type": "github"
      },
      "original": {
        "owner": "AvengeMedia",
        "repo": "dms-plugin-registry",
        "type": "github"
      }
    },
    "flake-compat": {
      "flake": false,
      "locked": {
        "lastModified": 1696426674,
        "narHash": "sha256-kvjfFW7WAETZlt09AgDn1MrtKzP7t90Vf7vypd3OL1U=",
        "owner": "edolstra",
        "repo": "flake-compat",
        "rev": "0f9255e01c2351cc7d116c072cb317785dd33b33",
        "type": "github"
      },
      "original": {
        "owner": "edolstra",
        "repo": "flake-compat",
        "type": "github"
      }
    },
    "flake-compat_2": {
      "flake": false,
      "locked": {
        "lastModified": 1767039857,
        "narHash": "sha256-vNpUSpF5Nuw8xvDLj2KCwwksIbjua2LZCqhV1LNRDns=",
        "owner": "NixOS",
        "repo": "flake-compat",
        "rev": "5edf11c44bc78a0d334f6334cdaf7d60d732daab",
        "type": "github"
      },
      "original": {
        "owner": "NixOS",
        "repo": "flake-compat",
        "type": "github"
      }
    },
    "flake-compat_3": {
      "flake": false,
      "locked": {
        "lastModified": 1767039857,
        "narHash": "sha256-vNpUSpF5Nuw8xvDLj2KCwwksIbjua2LZCqhV1LNRDns=",
        "owner": "edolstra",
        "repo": "flake-compat",
        "rev": "5edf11c44bc78a0d334f6334cdaf7d60d732daab",
        "type": "github"
      },
      "original": {
        "owner": "edolstra",
        "repo": "flake-compat",
        "type": "github"
      }
    },
    "flake-parts": {
      "inputs": {
        "nixpkgs-lib": [
          "nixpkgs"
        ]
      },
      "locked": {
        "lastModified": 1775087534,
        "narHash": "sha256-91qqW8lhL7TLwgQWijoGBbiD4t7/q75KTi8NxjVmSmA=",
        "owner": "hercules-ci",
        "repo": "flake-parts",
        "rev": "3107b77cd68437b9a76194f0f7f9c55f2329ca5b",
        "type": "github"
      },
      "original": {
        "owner": "hercules-ci",
        "repo": "flake-parts",
        "type": "github"
      }
    },
    "flake-parts_2": {
      "inputs": {
        "nixpkgs-lib": "nixpkgs-lib"
      },
      "locked": {
        "lastModified": 1769996383,
        "narHash": "sha256-AnYjnFWgS49RlqX7LrC4uA+sCCDBj0Ry/WOJ5XWAsa0=",
        "owner": "hercules-ci",
        "repo": "flake-parts",
        "rev": "57928607ea566b5db3ad13af0e57e921e6b12381",
        "type": "github"
      },
      "original": {
        "owner": "hercules-ci",
        "repo": "flake-parts",
        "type": "github"
      }
    },
    "flake-parts_3": {
      "inputs": {
        "nixpkgs-lib": "nixpkgs-lib_2"
      },
      "locked": {
        "lastModified": 1769996383,
        "narHash": "sha256-AnYjnFWgS49RlqX7LrC4uA+sCCDBj0Ry/WOJ5XWAsa0=",
        "owner": "hercules-ci",
        "repo": "flake-parts",
        "rev": "57928607ea566b5db3ad13af0e57e921e6b12381",
        "type": "github"
      },
      "original": {
        "owner": "hercules-ci",
        "repo": "flake-parts",
        "type": "github"
      }
    },
    "fnug": {
      "inputs": {
        "flake-parts": "flake-parts_2",
        "nixpkgs": [
          "nixpkgs"
        ],
        "rust-overlay": "rust-overlay"
      },
      "locked": {
        "lastModified": 1773522958,
        "narHash": "sha256-uZKPScmE6ItNuEppdeTq/rsQfwJ59nX6swhvQulIRrs=",
        "owner": "nickolaj-jepsen",
        "repo": "fnug",
        "rev": "680c08883c863c69283dde8c8aee740f5141cc41",
        "type": "github"
      },
      "original": {
        "owner": "nickolaj-jepsen",
        "repo": "fnug",
        "type": "github"
      }
    },
    "gitignore": {
      "inputs": {
        "nixpkgs": [
          "agenix-rekey",
          "pre-commit-hooks",
          "nixpkgs"
        ]
      },
      "locked": {
        "lastModified": 1709087332,
        "narHash": "sha256-HG2cCnktfHsKV0s4XW83gU3F57gaTljL9KNSuG6bnQs=",
        "owner": "hercules-ci",
        "repo": "gitignore.nix",
        "rev": "637db329424fd7e46cf4185293b9cc8c88c95394",
        "type": "github"
      },
      "original": {
        "owner": "hercules-ci",
        "repo": "gitignore.nix",
        "type": "github"
      }
    },
    "home-manager": {
      "inputs": {
        "nixpkgs": [
          "nixpkgs"
        ]
      },
      "locked": {
        "lastModified": 1775425411,
        "narHash": "sha256-KY6HsebJHEe5nHOWP7ur09mb0drGxYSzE3rQxy62rJo=",
        "owner": "nix-community",
        "repo": "home-manager",
        "rev": "0d02ec1d0a05f88ef9e74b516842900c41f0f2fe",
        "type": "github"
      },
      "original": {
        "owner": "nix-community",
        "ref": "release-25.11",
        "repo": "home-manager",
        "type": "github"
      }
    },
    "home-manager_2": {
      "inputs": {
        "nixpkgs": [
          "niri-dynamic-workspaces",
          "nixpkgs"
        ]
      },
      "locked": {
        "lastModified": 1770318660,
        "narHash": "sha256-yFVde8QZK7Dc0Xa8eQDsmxLX4NJNfL1NKfctSyiQgMY=",
        "owner": "nix-community",
        "repo": "home-manager",
        "rev": "471e6a065f9efed51488d7c51a9abbd387df91b8",
        "type": "github"
      },
      "original": {
        "owner": "nix-community",
        "repo": "home-manager",
        "type": "github"
      }
    },
    "niri": {
      "inputs": {
        "niri-stable": "niri-stable",
        "niri-unstable": "niri-unstable",
        "nixpkgs": [
          "nixpkgs"
        ],
        "nixpkgs-stable": "nixpkgs-stable",
        "xwayland-satellite-stable": "xwayland-satellite-stable",
        "xwayland-satellite-unstable": "xwayland-satellite-unstable"
      },
      "locked": {
        "lastModified": 1777542749,
        "narHash": "sha256-j4W+WwdiRxTTFdsoB8A7jlLNLbMQANKJxh9eKf8nOIs=",
        "owner": "sodiboo",
        "repo": "niri-flake",
        "rev": "36130bc452e0a84c07761d2e176ae875b48eebf3",
        "type": "github"
      },
      "original": {
        "owner": "sodiboo",
        "repo": "niri-flake",
        "type": "github"
      }
    },
    "niri-dynamic-workspaces": {
      "inputs": {
        "flake-parts": "flake-parts_3",
        "home-manager": "home-manager_2",
        "niri-flake": "niri-flake",
        "nixpkgs": [
          "nixpkgs"
        ]
      },
      "locked": {
        "lastModified": 1773702725,
        "narHash": "sha256-mFXQOqtaN4ENfSBazloTQ24cslhkKu/2r5JfUBLC4rY=",
        "owner": "nickolaj-jepsen",
        "repo": "niri-dynamic-workspaces",
        "rev": "bfd423ff14adf0d8d70165910c7c5d88a899235b",
        "type": "github"
      },
      "original": {
        "owner": "nickolaj-jepsen",
        "repo": "niri-dynamic-workspaces",
        "type": "github"
      }
    },
    "niri-flake": {
      "inputs": {
        "niri-stable": "niri-stable_2",
        "niri-unstable": "niri-unstable_2",
        "nixpkgs": [
          "niri-dynamic-workspaces",
          "nixpkgs"
        ],
        "nixpkgs-stable": "nixpkgs-stable_2",
        "xwayland-satellite-stable": "xwayland-satellite-stable_2",
        "xwayland-satellite-unstable": "xwayland-satellite-unstable_2"
      },
      "locked": {
        "lastModified": 1770844822,
        "narHash": "sha256-QgJZ+W6YE6nAzO/m7ezamAzr9DTflIEXRozMivL0+hc=",
        "owner": "sodiboo",
        "repo": "niri-flake",
        "rev": "7634add8bf2dd225d04f535de4bd0ee60982f367",
        "type": "github"
      },
      "original": {
        "owner": "sodiboo",
        "repo": "niri-flake",
        "type": "github"
      }
    },
    "niri-stable": {
      "flake": false,
      "locked": {
        "lastModified": 1756556321,
        "narHash": "sha256-RLD89dfjN0RVO86C/Mot0T7aduCygPGaYbog566F0Qo=",
        "owner": "YaLTeR",
        "repo": "niri",
        "rev": "01be0e65f4eb91a9cd624ac0b76aaeab765c7294",
        "type": "github"
      },
      "original": {
        "owner": "YaLTeR",
        "ref": "v25.08",
        "repo": "niri",
        "type": "github"
      }
    },
    "niri-stable_2": {
      "flake": false,
      "locked": {
        "lastModified": 1756556321,
        "narHash": "sha256-RLD89dfjN0RVO86C/Mot0T7aduCygPGaYbog566F0Qo=",
        "owner": "YaLTeR",
        "repo": "niri",
        "rev": "01be0e65f4eb91a9cd624ac0b76aaeab765c7294",
        "type": "github"
      },
      "original": {
        "owner": "YaLTeR",
        "ref": "v25.08",
        "repo": "niri",
        "type": "github"
      }
    },
    "niri-unstable": {
      "flake": false,
      "locked": {
        "lastModified": 1777468255,
        "narHash": "sha256-lBZc1UMy+1P1T/E41j3jQrpS7EFI3qegd+ktHZdamIg=",
        "owner": "YaLTeR",
        "repo": "niri",
        "rev": "dd1c3bcb9f1ef416df33ffa22d1d9bcee1398e7d",
        "type": "github"
      },
      "original": {
        "owner": "YaLTeR",
        "repo": "niri",
        "type": "github"
      }
    },
    "niri-unstable_2": {
      "flake": false,
      "locked": {
        "lastModified": 1770735554,
        "narHash": "sha256-8GzUa8bCyQ688jYW2waXrOqetTr7oV8UPTO2He+5Hsg=",
        "owner": "YaLTeR",
        "repo": "niri",
        "rev": "41b5de87692b8262fbdbff7faab93f04ff0be453",
        "type": "github"
      },
      "original": {
        "owner": "YaLTeR",
        "repo": "niri",
        "type": "github"
      }
    },
    "nix-index-database": {
      "inputs": {
        "nixpkgs": [
          "nixpkgs"
        ]
      },
      "locked": {
        "lastModified": 1777181277,
        "narHash": "sha256-yVJbd07ortDRAttDFmDV5p220aOLTHgVAx//0nW/xW8=",
        "owner": "nix-community",
        "repo": "nix-index-database",
        "rev": "b8eb7acee0f7604fe1bf6a5b3dcf5254369180fa",
        "type": "github"
      },
      "original": {
        "owner": "nix-community",
        "repo": "nix-index-database",
        "type": "github"
      }
    },
    "nix-vscode-extensions": {
      "inputs": {
        "nixpkgs": [
          "nixpkgs"
        ]
      },
      "locked": {
        "lastModified": 1777520673,
        "narHash": "sha256-EgUbSPqdXT1kiqE9VYwX097zvW/glUPrz4NhxTTGp0s=",
        "owner": "nix-community",
        "repo": "nix-vscode-extensions",
        "rev": "1500938a18efd84c43bab24da5da00722fd23c1d",
        "type": "github"
      },
      "original": {
        "owner": "nix-community",
        "repo": "nix-vscode-extensions",
        "type": "github"
      }
    },
    "nixlib": {
      "locked": {
        "lastModified": 1736643958,
        "narHash": "sha256-tmpqTSWVRJVhpvfSN9KXBvKEXplrwKnSZNAoNPf/S/s=",
        "owner": "nix-community",
        "repo": "nixpkgs.lib",
        "rev": "1418bc28a52126761c02dd3d89b2d8ca0f521181",
        "type": "github"
      },
      "original": {
        "owner": "nix-community",
        "repo": "nixpkgs.lib",
        "type": "github"
      }
    },
    "nixos-facter-modules": {
      "locked": {
        "lastModified": 1773858690,
        "narHash": "sha256-oW0/lC0oRG5H5LaK6Rmh9L1wmkn9TbenM4bXwnIEDKA=",
        "owner": "numtide",
        "repo": "nixos-facter-modules",
        "rev": "139dcef4dfc97009629c445806f197883351ab4a",
        "type": "github"
      },
      "original": {
        "owner": "numtide",
        "repo": "nixos-facter-modules",
        "type": "github"
      }
    },
    "nixos-generators": {
      "inputs": {
        "nixlib": "nixlib",
        "nixpkgs": [
          "nixpkgs"
        ]
      },
      "locked": {
        "lastModified": 1769813415,
        "narHash": "sha256-nnVmNNKBi1YiBNPhKclNYDORoHkuKipoz7EtVnXO50A=",
        "owner": "nix-community",
        "repo": "nixos-generators",
        "rev": "8946737ff703382fda7623b9fab071d037e897d5",
        "type": "github"
      },
      "original": {
        "owner": "nix-community",
        "repo": "nixos-generators",
        "type": "github"
      }
    },
    "nixos-wsl": {
      "inputs": {
        "flake-compat": "flake-compat_3",
        "nixpkgs": [
          "nixpkgs"
        ]
      },
      "locked": {
        "lastModified": 1777394230,
        "narHash": "sha256-So0O9VEARU3xTRIFkBtvfzpRDxx4W2WPZPgucxdKBm8=",
        "owner": "nix-community",
        "repo": "NixOS-WSL",
        "rev": "d2e09229638f08f6d5c99060573f6fa4b1dde852",
        "type": "github"
      },
      "original": {
        "owner": "nix-community",
        "ref": "main",
        "repo": "NixOS-WSL",
        "type": "github"
      }
    },
    "nixpkgs": {
      "locked": {
        "lastModified": 1777428379,
        "narHash": "sha256-ypxFOeDz+CqADEQNL72haqGjvZQdBR5Vc7pyx2JDttI=",
        "owner": "nixos",
        "repo": "nixpkgs",
        "rev": "755f5aa91337890c432639c60b6064bb7fe67769",
        "type": "github"
      },
      "original": {
        "owner": "nixos",
        "ref": "nixos-25.11",
        "repo": "nixpkgs",
        "type": "github"
      }
    },
    "nixpkgs-lib": {
      "locked": {
        "lastModified": 1769909678,
        "narHash": "sha256-cBEymOf4/o3FD5AZnzC3J9hLbiZ+QDT/KDuyHXVJOpM=",
        "owner": "nix-community",
        "repo": "nixpkgs.lib",
        "rev": "72716169fe93074c333e8d0173151350670b824c",
        "type": "github"
      },
      "original": {
        "owner": "nix-community",
        "repo": "nixpkgs.lib",
        "type": "github"
      }
    },
    "nixpkgs-lib_2": {
      "locked": {
        "lastModified": 1769909678,
        "narHash": "sha256-cBEymOf4/o3FD5AZnzC3J9hLbiZ+QDT/KDuyHXVJOpM=",
        "owner": "nix-community",
        "repo": "nixpkgs.lib",
        "rev": "72716169fe93074c333e8d0173151350670b824c",
        "type": "github"
      },
      "original": {
        "owner": "nix-community",
        "repo": "nixpkgs.lib",
        "type": "github"
      }
    },
    "nixpkgs-stable": {
      "locked": {
        "lastModified": 1777428379,
        "narHash": "sha256-ypxFOeDz+CqADEQNL72haqGjvZQdBR5Vc7pyx2JDttI=",
        "owner": "NixOS",
        "repo": "nixpkgs",
        "rev": "755f5aa91337890c432639c60b6064bb7fe67769",
        "type": "github"
      },
      "original": {
        "owner": "NixOS",
        "ref": "nixos-25.11",
        "repo": "nixpkgs",
        "type": "github"
      }
    },
    "nixpkgs-stable_2": {
      "locked": {
        "lastModified": 1770770419,
        "narHash": "sha256-iKZMkr6Cm9JzWlRYW/VPoL0A9jVKtZYiU4zSrVeetIs=",
        "owner": "NixOS",
        "repo": "nixpkgs",
        "rev": "6c5e707c6b5339359a9a9e215c5e66d6d802fd7a",
        "type": "github"
      },
      "original": {
        "owner": "NixOS",
        "ref": "nixos-25.11",
        "repo": "nixpkgs",
        "type": "github"
      }
    },
    "nixpkgs-unstable": {
      "locked": {
        "lastModified": 1777268161,
        "narHash": "sha256-bxrdOn8SCOv8tN4JbTF/TXq7kjo9ag4M+C8yzzIRYbE=",
        "owner": "nixos",
        "repo": "nixpkgs",
        "rev": "1c3fe55ad329cbcb28471bb30f05c9827f724c76",
        "type": "github"
      },
      "original": {
        "owner": "nixos",
        "ref": "nixos-unstable",
        "repo": "nixpkgs",
        "type": "github"
      }
    },
    "nur": {
      "inputs": {
        "flake-parts": [
          "flake-parts"
        ],
        "nixpkgs": [
          "nixpkgs"
        ]
      },
      "locked": {
        "lastModified": 1777593438,
        "narHash": "sha256-vgsXQyVCsvA2xJYbiPI6HsK8ceqSvq8YC1wx/d+jqMo=",
        "owner": "nix-community",
        "repo": "NUR",
        "rev": "f981a8f70eae02eee92e0f284698edc65f115946",
        "type": "github"
      },
      "original": {
        "owner": "nix-community",
        "repo": "NUR",
        "type": "github"
      }
    },
    "pre-commit-hooks": {
      "inputs": {
        "flake-compat": "flake-compat",
        "gitignore": "gitignore",
        "nixpkgs": [
          "agenix-rekey",
          "nixpkgs"
        ]
      },
      "locked": {
        "lastModified": 1735882644,
        "narHash": "sha256-3FZAG+pGt3OElQjesCAWeMkQ7C/nB1oTHLRQ8ceP110=",
        "owner": "cachix",
        "repo": "pre-commit-hooks.nix",
        "rev": "a5a961387e75ae44cc20f0a57ae463da5e959656",
        "type": "github"
      },
      "original": {
        "owner": "cachix",
        "repo": "pre-commit-hooks.nix",
        "type": "github"
      }
    },
    "quickshell": {
      "inputs": {
        "nixpkgs": [
          "dank-material-shell",
          "nixpkgs"
        ]
      },
      "locked": {
        "lastModified": 1776854048,
        "narHash": "sha256-lLbV66V3RMNp1l8/UelmR4YzoJ5ONtgvEtiUMJATH/o=",
        "ref": "refs/heads/master",
        "rev": "783c953987dc56ff0601abe6845ed96f1d00495a",
        "revCount": 806,
        "type": "git",
        "url": "https://git.outfoxxed.me/quickshell/quickshell"
      },
      "original": {
        "rev": "783c953987dc56ff0601abe6845ed96f1d00495a",
        "type": "git",
        "url": "https://git.outfoxxed.me/quickshell/quickshell"
      }
    },
    "root": {
      "inputs": {
        "agenix": "agenix",
        "agenix-rekey": "agenix-rekey",
        "dank-material-shell": "dank-material-shell",
        "dgop": "dgop",
        "disko": "disko",
        "dms-plugin-registry": "dms-plugin-registry",
        "flake-parts": "flake-parts",
        "fnug": "fnug",
        "home-manager": "home-manager",
        "niri": "niri",
        "niri-dynamic-workspaces": "niri-dynamic-workspaces",
        "nix-index-database": "nix-index-database",
        "nix-vscode-extensions": "nix-vscode-extensions",
        "nixos-facter-modules": "nixos-facter-modules",
        "nixos-generators": "nixos-generators",
        "nixos-wsl": "nixos-wsl",
        "nixpkgs": "nixpkgs",
        "nixpkgs-unstable": "nixpkgs-unstable",
        "nur": "nur",
        "treefmt-nix": "treefmt-nix"
      }
    },
    "rust-overlay": {
      "inputs": {
        "nixpkgs": [
          "fnug",
          "nixpkgs"
        ]
      },
      "locked": {
        "lastModified": 1771729765,
        "narHash": "sha256-HNsDSR5bhLSrIpi9bTb2uTK1qnPo1xFSBxs6YmFyprk=",
        "owner": "oxalica",
        "repo": "rust-overlay",
        "rev": "be926cb1a76e8450ab2b92121b2e88d09fa4d41c",
        "type": "github"
      },
      "original": {
        "owner": "oxalica",
        "repo": "rust-overlay",
        "type": "github"
      }
    },
    "systems": {
      "locked": {
        "lastModified": 1681028828,
        "narHash": "sha256-Vy1rq5AaRuLzOxct8nz4T6wlgyUR7zLU309k9mBC768=",
        "owner": "nix-systems",
        "repo": "default",
        "rev": "da67096a3b9bf56a91d16901293e51ba5b49a27e",
        "type": "github"
      },
      "original": {
        "owner": "nix-systems",
        "repo": "default",
        "type": "github"
      }
    },
    "treefmt-nix": {
      "inputs": {
        "nixpkgs": [
          "nixpkgs"
        ]
      },
      "locked": {
        "lastModified": 1775636079,
        "narHash": "sha256-pc20NRoMdiar8oPQceQT47UUZMBTiMdUuWrYu2obUP0=",
        "owner": "numtide",
        "repo": "treefmt-nix",
        "rev": "790751ff7fd3801feeaf96d7dc416a8d581265ba",
        "type": "github"
      },
      "original": {
        "owner": "numtide",
        "repo": "treefmt-nix",
        "type": "github"
      }
    },
    "xwayland-satellite-stable": {
      "flake": false,
      "locked": {
        "lastModified": 1755491097,
        "narHash": "sha256-m+9tUfsmBeF2Gn4HWa6vSITZ4Gz1eA1F5Kh62B0N4oE=",
        "owner": "Supreeeme",
        "repo": "xwayland-satellite",
        "rev": "388d291e82ffbc73be18169d39470f340707edaa",
        "type": "github"
      },
      "original": {
        "owner": "Supreeeme",
        "ref": "v0.7",
        "repo": "xwayland-satellite",
        "type": "github"
      }
    },
    "xwayland-satellite-stable_2": {
      "flake": false,
      "locked": {
        "lastModified": 1755491097,
        "narHash": "sha256-m+9tUfsmBeF2Gn4HWa6vSITZ4Gz1eA1F5Kh62B0N4oE=",
        "owner": "Supreeeme",
        "repo": "xwayland-satellite",
        "rev": "388d291e82ffbc73be18169d39470f340707edaa",
        "type": "github"
      },
      "original": {
        "owner": "Supreeeme",
        "ref": "v0.7",
        "repo": "xwayland-satellite",
        "type": "github"
      }
    },
    "xwayland-satellite-unstable": {
      "flake": false,
      "locked": {
        "lastModified": 1773622265,
        "narHash": "sha256-wToKwH7IgWdGLMSIWksEDs4eumR6UbbsuPQ42r0oTXQ=",
        "owner": "Supreeeme",
        "repo": "xwayland-satellite",
        "rev": "a879e5e0896a326adc79c474bf457b8b99011027",
        "type": "github"
      },
      "original": {
        "owner": "Supreeeme",
        "repo": "xwayland-satellite",
        "type": "github"
      }
    },
    "xwayland-satellite-unstable_2": {
      "flake": false,
      "locked": {
        "lastModified": 1770583271,
        "narHash": "sha256-Q75S8cEqJoZ92s1y4zArvk2U1ayAy2E4SaF7gbNXkYQ=",
        "owner": "Supreeeme",
        "repo": "xwayland-satellite",
        "rev": "86f5bd5d867ad6e120935dfe825f6b903ebbeddd",
        "type": "github"
      },
      "original": {
        "owner": "Supreeeme",
        "repo": "xwayland-satellite",
        "type": "github"
      }
    }
  },
  "root": "root",
  "version": 7
}
